
Microsoft Visual Studio Solution File, Format Version 12.00
# Visual Studio 14
VisualStudioVersion = 14.0.25420.1
MinimumVisualStudioVersion = 10.0.40219.1
Project("{FAE04EC0-301F-11D3-BF4B-00C04F79EFBC}") = "LayIM_SignalR_Chat.V1.0", "LayIM_SignalR_Chat.V1.0\LayIM_SignalR_Chat.V1.0.csproj", "{5A21C95B-D8CF-47F7-B828-7ED64DA6292D}"
EndProject
Project("{FAE04EC0-301F-11D3-BF4B-00C04F79EFBC}") = "LayIM.ElasticSearch", "LayIM.ElasticSearch\LayIM.ElasticSearch.csproj", "{F0FE5073-5DC8-457F-98B2-B6103A3A6B65}"
EndProject
Project("{FAE04EC0-301F-11D3-BF4B-00C04F79EFBC}") = "LayIM.Model", "LayIM.Model\LayIM.Model.csproj", "{0AAE7A54-1F23-49AA-A3BA-B03D1E399346}"
EndProject
Project("{FAE04EC0-301F-11D3-BF4B-00C04F79EFBC}") = "LayIM.DAL", "LayIM.DAL\LayIM.DAL.csproj", "{DC88773F-9880-44C0-BA42-4ECAB7489303}"
EndProject
Project("{FAE04EC0-301F-11D3-BF4B-00C04F79EFBC}") = "LayIM.BLL", "LayIM.BLL\LayIM.BLL.csproj", "{3AA5BDFB-81BE-4405-90E8-40A9991EADCA}"
EndProject
Project("{FAE04EC0-301F-11D3-BF4B-00C04F79EFBC}") = "LayIM.ChatServer", "LayIM.ChatServer\LayIM.ChatServer.csproj", "{143F891D-38FA-4B66-B156-824B380A788F}"
EndProject
Project("{FAE04EC0-301F-11D3-BF4B-00C04F79EFBC}") = "LayIM.Utils", "LayIM.Utils\LayIM.Utils.csproj", "{868DE914-EEA2-4B14-B2CD-216E1A890EF0}"
EndProject
Project("{FAE04EC0-301F-11D3-BF4B-00C04F79EFBC}") = "LayIM.Cache", "LayIM.Cache\LayIM.Cache.csproj", "{EABA5FCB-3EA4-4893-B3D4-FC709C53A768}"
EndProject
Project("{2150E333-8FDC-42A3-9474-1A3956D46DE8}") = "LayIM_SignalR", "LayIM_SignalR", "{F8F8DBF0-F26A-494A-8CEB-31E65A5A3320}"
EndProject
Project("{2150E333-8FDC-42A3-9474-1A3956D46DE8}") = "LayIM_RongCloud", "LayIM_RongCloud", "{801C9468-E308-4603-A225-59607F4AC3D2}"
	ProjectSection(SolutionItems) = preProject
		Readme.txt = Readme.txt
	EndProjectSection
EndProject
Project("{FAE04EC0-301F-11D3-BF4B-00C04F79EFBC}") = "LayIM_RongCloud_Chat", "LayIM_RongCloud_Chat\LayIM_RongCloud_Chat.csproj", "{98747449-6CB0-44B8-BAE2-0D3A1FF16B4E}"
EndProject
Project("{FAE04EC0-301F-11D3-BF4B-00C04F79EFBC}") = "LayIM.RMLib", "LayIM.RMLib\LayIM.RMLib.csproj", "{9CBC19C3-E7B5-437A-B6EF-7A5B7F5FEFC9}"
EndProject
Project("{FAE04EC0-301F-11D3-BF4B-00C04F79EFBC}") = "LayIM.Queue", "LayIM.Queue\LayIM.Queue.csproj", "{70594D5C-C85A-4B27-BAA8-FDE62C8CE7BC}"
EndProject
Project("{FAE04EC0-301F-11D3-BF4B-00C04F79EFBC}") = "LayIM.Logger", "LayIM.Logger\LayIM.Logger.csproj", "{8DD78DA8-6D85-4840-ABBD-F5DE1067E53B}"
EndProject
Project("{FAE04EC0-301F-11D3-BF4B-00C04F79EFBC}") = "LayIM.Container", "LayIM.Container\LayIM.Container.csproj", "{E16102F7-7099-43F5-B2F4-388E4F7E0C35}"
EndProject
Project("{FAE04EC0-301F-11D3-BF4B-00C04F79EFBC}") = "LayIM.QueueMessageHandler", "LayIM.QueueMessageHandler\LayIM.QueueMessageHandler.csproj", "{C3F9036D-2134-469C-9D7F-BC21C8C6AFC4}"
EndProject
Project("{FAE04EC0-301F-11D3-BF4B-00C04F79EFBC}") = "LayIM.Service", "LayIM.Service\LayIM.Service.csproj", "{4B4B1C13-1753-412E-A899-41553EB07543}"
EndProject
Project("{2150E333-8FDC-42A3-9474-1A3956D46DE8}") = "CommonService", "CommonService", "{08DF08A3-843B-4954-88CB-8E15CC05726C}"
EndProject
Project("{2150E333-8FDC-42A3-9474-1A3956D46DE8}") = "QueueTool", "QueueTool", "{8F6110E3-E8EB-477C-8F72-BB2B97850653}"
EndProject
Project("{2150E333-8FDC-42A3-9474-1A3956D46DE8}") = "Business", "Business", "{901FE922-61BE-4A16-9009-66B68EBA4AAA}"
EndProject
Project("{2150E333-8FDC-42A3-9474-1A3956D46DE8}") = "UI", "UI", "{9A357D05-B1CD-4C8B-B3FC-3B78309C51AD}"
EndProject
Project("{2150E333-8FDC-42A3-9474-1A3956D46DE8}") = "DataAccessLayer", "DataAccessLayer", "{0EE85AB4-C269-4C6E-A6E1-16ED83B16723}"
EndProject
Project("{2150E333-8FDC-42A3-9474-1A3956D46DE8}") = "LogicLayer", "LogicLayer", "{964C0F83-A507-4522-9FFD-8027F86EEA74}"
EndProject
Project("{FAE04EC0-301F-11D3-BF4B-00C04F79EFBC}") = "LayIM.DataAccessLayer", "LayIM.DataAccessLayer\LayIM.DataAccessLayer.csproj", "{3F92B29A-A900-4550-ADBA-532FE556A59D}"
EndProject
Project("{FAE04EC0-301F-11D3-BF4B-00C04F79EFBC}") = "LayIM.LogicLayer", "LayIM.LogicLayer\LayIM.LogicLayer.csproj", "{F5CEB50B-F4BC-46E6-BF44-E0BD67DCF19D}"
EndProject
Global
	GlobalSection(SolutionConfigurationPlatforms) = preSolution
		Debug|Any CPU = Debug|Any CPU
		Release|Any CPU = Release|Any CPU
	EndGlobalSection
	GlobalSection(ProjectConfigurationPlatforms) = postSolution
		{5A21C95B-D8CF-47F7-B828-7ED64DA6292D}.Debug|Any CPU.ActiveCfg = Debug|Any CPU
		{5A21C95B-D8CF-47F7-B828-7ED64DA6292D}.Debug|Any CPU.Build.0 = Debug|Any CPU
		{5A21C95B-D8CF-47F7-B828-7ED64DA6292D}.Release|Any CPU.ActiveCfg = Release|Any CPU
		{5A21C95B-D8CF-47F7-B828-7ED64DA6292D}.Release|Any CPU.Build.0 = Release|Any CPU
		{F0FE5073-5DC8-457F-98B2-B6103A3A6B65}.Debug|Any CPU.ActiveCfg = Debug|Any CPU
		{F0FE5073-5DC8-457F-98B2-B6103A3A6B65}.Debug|Any CPU.Build.0 = Debug|Any CPU
		{F0FE5073-5DC8-457F-98B2-B6103A3A6B65}.Release|Any CPU.ActiveCfg = Release|Any CPU
		{F0FE5073-5DC8-457F-98B2-B6103A3A6B65}.Release|Any CPU.Build.0 = Release|Any CPU
		{0AAE7A54-1F23-49AA-A3BA-B03D1E399346}.Debug|Any CPU.ActiveCfg = Debug|Any CPU
		{0AAE7A54-1F23-49AA-A3BA-B03D1E399346}.Debug|Any CPU.Build.0 = Debug|Any CPU
		{0AAE7A54-1F23-49AA-A3BA-B03D1E399346}.Release|Any CPU.ActiveCfg = Release|Any CPU
		{0AAE7A54-1F23-49AA-A3BA-B03D1E399346}.Release|Any CPU.Build.0 = Release|Any CPU
		{DC88773F-9880-44C0-BA42-4ECAB7489303}.Debug|Any CPU.ActiveCfg = Debug|Any CPU
		{DC88773F-9880-44C0-BA42-4ECAB7489303}.Debug|Any CPU.Build.0 = Debug|Any CPU
		{DC88773F-9880-44C0-BA42-4ECAB7489303}.Release|Any CPU.ActiveCfg = Release|Any CPU
		{DC88773F-9880-44C0-BA42-4ECAB7489303}.Release|Any CPU.Build.0 = Release|Any CPU
		{3AA5BDFB-81BE-4405-90E8-40A9991EADCA}.Debug|Any CPU.ActiveCfg = Debug|Any CPU
		{3AA5BDFB-81BE-4405-90E8-40A9991EADCA}.Debug|Any CPU.Build.0 = Debug|Any CPU
		{3AA5BDFB-81BE-4405-90E8-40A9991EADCA}.Release|Any CPU.ActiveCfg = Release|Any CPU
		{3AA5BDFB-81BE-4405-90E8-40A9991EADCA}.Release|Any CPU.Build.0 = Release|Any CPU
		{143F891D-38FA-4B66-B156-824B380A788F}.Debug|Any CPU.ActiveCfg = Debug|Any CPU
		{143F891D-38FA-4B66-B156-824B380A788F}.Debug|Any CPU.Build.0 = Debug|Any CPU
		{143F891D-38FA-4B66-B156-824B380A788F}.Release|Any CPU.ActiveCfg = Release|Any CPU
		{143F891D-38FA-4B66-B156-824B380A788F}.Release|Any CPU.Build.0 = Release|Any CPU
		{868DE914-EEA2-4B14-B2CD-216E1A890EF0}.Debug|Any CPU.ActiveCfg = Debug|Any CPU
		{868DE914-EEA2-4B14-B2CD-216E1A890EF0}.Debug|Any CPU.Build.0 = Debug|Any CPU
		{868DE914-EEA2-4B14-B2CD-216E1A890EF0}.Release|Any CPU.ActiveCfg = Release|Any CPU
		{868DE914-EEA2-4B14-B2CD-216E1A890EF0}.Release|Any CPU.Build.0 = Release|Any CPU
		{EABA5FCB-3EA4-4893-B3D4-FC709C53A768}.Debug|Any CPU.ActiveCfg = Debug|Any CPU
		{EABA5FCB-3EA4-4893-B3D4-FC709C53A768}.Debug|Any CPU.Build.0 = Debug|Any CPU
		{EABA5FCB-3EA4-4893-B3D4-FC709C53A768}.Release|Any CPU.ActiveCfg = Release|Any CPU
		{EABA5FCB-3EA4-4893-B3D4-FC709C53A768}.Release|Any CPU.Build.0 = Release|Any CPU
		{98747449-6CB0-44B8-BAE2-0D3A1FF16B4E}.Debug|Any CPU.ActiveCfg = Debug|Any CPU
		{98747449-6CB0-44B8-BAE2-0D3A1FF16B4E}.Debug|Any CPU.Build.0 = Debug|Any CPU
		{98747449-6CB0-44B8-BAE2-0D3A1FF16B4E}.Release|Any CPU.ActiveCfg = Release|Any CPU
		{98747449-6CB0-44B8-BAE2-0D3A1FF16B4E}.Release|Any CPU.Build.0 = Release|Any CPU
		{9CBC19C3-E7B5-437A-B6EF-7A5B7F5FEFC9}.Debug|Any CPU.ActiveCfg = Debug|Any CPU
		{9CBC19C3-E7B5-437A-B6EF-7A5B7F5FEFC9}.Debug|Any CPU.Build.0 = Debug|Any CPU
		{9CBC19C3-E7B5-437A-B6EF-7A5B7F5FEFC9}.Release|Any CPU.ActiveCfg = Release|Any CPU
		{9CBC19C3-E7B5-437A-B6EF-7A5B7F5FEFC9}.Release|Any CPU.Build.0 = Release|Any CPU
		{70594D5C-C85A-4B27-BAA8-FDE62C8CE7BC}.Debug|Any CPU.ActiveCfg = Debug|Any CPU
		{70594D5C-C85A-4B27-BAA8-FDE62C8CE7BC}.Debug|Any CPU.Build.0 = Debug|Any CPU
		{70594D5C-C85A-4B27-BAA8-FDE62C8CE7BC}.Release|Any CPU.ActiveCfg = Release|Any CPU
		{70594D5C-C85A-4B27-BAA8-FDE62C8CE7BC}.Release|Any CPU.Build.0 = Release|Any CPU
		{8DD78DA8-6D85-4840-ABBD-F5DE1067E53B}.Debug|Any CPU.ActiveCfg = Debug|Any CPU
		{8DD78DA8-6D85-4840-ABBD-F5DE1067E53B}.Debug|Any CPU.Build.0 = Debug|Any CPU
		{8DD78DA8-6D85-4840-ABBD-F5DE1067E53B}.Release|Any CPU.ActiveCfg = Release|Any CPU
		{8DD78DA8-6D85-4840-ABBD-F5DE1067E53B}.Release|Any CPU.Build.0 = Release|Any CPU
		{E16102F7-7099-43F5-B2F4-388E4F7E0C35}.Debug|Any CPU.ActiveCfg = Debug|Any CPU
		{E16102F7-7099-43F5-B2F4-388E4F7E0C35}.Debug|Any CPU.Build.0 = Debug|Any CPU
		{E16102F7-7099-43F5-B2F4-388E4F7E0C35}.Release|Any CPU.ActiveCfg = Release|Any CPU
		{E16102F7-7099-43F5-B2F4-388E4F7E0C35}.Release|Any CPU.Build.0 = Release|Any CPU
		{C3F9036D-2134-469C-9D7F-BC21C8C6AFC4}.Debug|Any CPU.ActiveCfg = Debug|Any CPU
		{C3F9036D-2134-469C-9D7F-BC21C8C6AFC4}.Debug|Any CPU.Build.0 = Debug|Any CPU
		{C3F9036D-2134-469C-9D7F-BC21C8C6AFC4}.Release|Any CPU.ActiveCfg = Release|Any CPU
		{C3F9036D-2134-469C-9D7F-BC21C8C6AFC4}.Release|Any CPU.Build.0 = Release|Any CPU
		{4B4B1C13-1753-412E-A899-41553EB07543}.Debug|Any CPU.ActiveCfg = Debug|Any CPU
		{4B4B1C13-1753-412E-A899-41553EB07543}.Debug|Any CPU.Build.0 = Debug|Any CPU
		{4B4B1C13-1753-412E-A899-41553EB07543}.Release|Any CPU.ActiveCfg = Release|Any CPU
		{4B4B1C13-1753-412E-A899-41553EB07543}.Release|Any CPU.Build.0 = Release|Any CPU
		{3F92B29A-A900-4550-ADBA-532FE556A59D}.Debug|Any CPU.ActiveCfg = Debug|Any CPU
		{3F92B29A-A900-4550-ADBA-532FE556A59D}.Debug|Any CPU.Build.0 = Debug|Any CPU
		{3F92B29A-A900-4550-ADBA-532FE556A59D}.Release|Any CPU.ActiveCfg = Release|Any CPU
		{3F92B29A-A900-4550-ADBA-532FE556A59D}.Release|Any CPU.Build.0 = Release|Any CPU
		{F5CEB50B-F4BC-46E6-BF44-E0BD67DCF19D}.Debug|Any CPU.ActiveCfg = Debug|Any CPU
		{F5CEB50B-F4BC-46E6-BF44-E0BD67DCF19D}.Debug|Any CPU.Build.0 = Debug|Any CPU
		{F5CEB50B-F4BC-46E6-BF44-E0BD67DCF19D}.Release|Any CPU.ActiveCfg = Release|Any CPU
		{F5CEB50B-F4BC-46E6-BF44-E0BD67DCF19D}.Release|Any CPU.Build.0 = Release|Any CPU
	EndGlobalSection
	GlobalSection(SolutionProperties) = preSolution
		HideSolutionNode = FALSE
	EndGlobalSection
	GlobalSection(NestedProjects) = preSolution
		{5A21C95B-D8CF-47F7-B828-7ED64DA6292D} = {F8F8DBF0-F26A-494A-8CEB-31E65A5A3320}
		{F0FE5073-5DC8-457F-98B2-B6103A3A6B65} = {F8F8DBF0-F26A-494A-8CEB-31E65A5A3320}
		{0AAE7A54-1F23-49AA-A3BA-B03D1E399346} = {F8F8DBF0-F26A-494A-8CEB-31E65A5A3320}
		{DC88773F-9880-44C0-BA42-4ECAB7489303} = {F8F8DBF0-F26A-494A-8CEB-31E65A5A3320}
		{3AA5BDFB-81BE-4405-90E8-40A9991EADCA} = {F8F8DBF0-F26A-494A-8CEB-31E65A5A3320}
		{143F891D-38FA-4B66-B156-824B380A788F} = {F8F8DBF0-F26A-494A-8CEB-31E65A5A3320}
		{868DE914-EEA2-4B14-B2CD-216E1A890EF0} = {F8F8DBF0-F26A-494A-8CEB-31E65A5A3320}
		{EABA5FCB-3EA4-4893-B3D4-FC709C53A768} = {F8F8DBF0-F26A-494A-8CEB-31E65A5A3320}
		{98747449-6CB0-44B8-BAE2-0D3A1FF16B4E} = {9A357D05-B1CD-4C8B-B3FC-3B78309C51AD}
		{9CBC19C3-E7B5-437A-B6EF-7A5B7F5FEFC9} = {08DF08A3-843B-4954-88CB-8E15CC05726C}
		{70594D5C-C85A-4B27-BAA8-FDE62C8CE7BC} = {08DF08A3-843B-4954-88CB-8E15CC05726C}
		{8DD78DA8-6D85-4840-ABBD-F5DE1067E53B} = {901FE922-61BE-4A16-9009-66B68EBA4AAA}
		{E16102F7-7099-43F5-B2F4-388E4F7E0C35} = {08DF08A3-843B-4954-88CB-8E15CC05726C}
		{C3F9036D-2134-469C-9D7F-BC21C8C6AFC4} = {8F6110E3-E8EB-477C-8F72-BB2B97850653}
		{4B4B1C13-1753-412E-A899-41553EB07543} = {964C0F83-A507-4522-9FFD-8027F86EEA74}
		{08DF08A3-843B-4954-88CB-8E15CC05726C} = {801C9468-E308-4603-A225-59607F4AC3D2}
		{8F6110E3-E8EB-477C-8F72-BB2B97850653} = {801C9468-E308-4603-A225-59607F4AC3D2}
		{901FE922-61BE-4A16-9009-66B68EBA4AAA} = {801C9468-E308-4603-A225-59607F4AC3D2}
		{9A357D05-B1CD-4C8B-B3FC-3B78309C51AD} = {801C9468-E308-4603-A225-59607F4AC3D2}
		{0EE85AB4-C269-4C6E-A6E1-16ED83B16723} = {901FE922-61BE-4A16-9009-66B68EBA4AAA}
		{964C0F83-A507-4522-9FFD-8027F86EEA74} = {901FE922-61BE-4A16-9009-66B68EBA4AAA}
		{3F92B29A-A900-4550-ADBA-532FE556A59D} = {0EE85AB4-C269-4C6E-A6E1-16ED83B16723}
		{F5CEB50B-F4BC-46E6-BF44-E0BD67DCF19D} = {964C0F83-A507-4522-9FFD-8027F86EEA74}
	EndGlobalSection
EndGlobal
