
Microsoft Visual Studio Solution File, Format Version 12.00
# Visual Studio 14
VisualStudioVersion = 14.0.25420.1
MinimumVisualStudioVersion = 10.0.40219.1
Project("{FAE04EC0-301F-11D3-BF4B-00C04F79EFBC}") = "LayIM.NetClient", "LayIM.NetClient\LayIM.NetClient.csproj", "{9A207791-1C4F-419F-8C3C-3DFEAD9DE042}"
EndProject
Project("{FAE04EC0-301F-11D3-BF4B-00C04F79EFBC}") = "LayIM.SqlServer", "..\LayIM.SqlServer\LayIM.SqlServer.csproj", "{E41161CF-EFEF-4662-8CB0-A2818F8E4AA5}"
EndProject
Project("{2150E333-8FDC-42A3-9474-1A3956D46DE8}") = "src", "src", "{A0004957-181A-4FFD-B71D-96A595D60E3C}"
EndProject
Project("{2150E333-8FDC-42A3-9474-1A3956D46DE8}") = "samples", "samples", "{4CC5E134-43AF-4222-AECC-2EB7C725C037}"
EndProject
Project("{FAE04EC0-301F-11D3-BF4B-00C04F79EFBC}") = "HtmlSample", "HtmlSample\HtmlSample.csproj", "{C54BEA0E-632A-4C93-ADCB-AF99156EFB17}"
EndProject
Global
	GlobalSection(SolutionConfigurationPlatforms) = preSolution
		Debug|Any CPU = Debug|Any CPU
		Release|Any CPU = Release|Any CPU
	EndGlobalSection
	GlobalSection(ProjectConfigurationPlatforms) = postSolution
		{9A207791-1C4F-419F-8C3C-3DFEAD9DE042}.Debug|Any CPU.ActiveCfg = Debug|Any CPU
		{9A207791-1C4F-419F-8C3C-3DFEAD9DE042}.Debug|Any CPU.Build.0 = Debug|Any CPU
		{9A207791-1C4F-419F-8C3C-3DFEAD9DE042}.Release|Any CPU.ActiveCfg = Release|Any CPU
		{9A207791-1C4F-419F-8C3C-3DFEAD9DE042}.Release|Any CPU.Build.0 = Release|Any CPU
		{E41161CF-EFEF-4662-8CB0-A2818F8E4AA5}.Debug|Any CPU.ActiveCfg = Debug|Any CPU
		{E41161CF-EFEF-4662-8CB0-A2818F8E4AA5}.Debug|Any CPU.Build.0 = Debug|Any CPU
		{E41161CF-EFEF-4662-8CB0-A2818F8E4AA5}.Release|Any CPU.ActiveCfg = Release|Any CPU
		{E41161CF-EFEF-4662-8CB0-A2818F8E4AA5}.Release|Any CPU.Build.0 = Release|Any CPU
		{C54BEA0E-632A-4C93-ADCB-AF99156EFB17}.Debug|Any CPU.ActiveCfg = Debug|Any CPU
		{C54BEA0E-632A-4C93-ADCB-AF99156EFB17}.Debug|Any CPU.Build.0 = Debug|Any CPU
		{C54BEA0E-632A-4C93-ADCB-AF99156EFB17}.Release|Any CPU.ActiveCfg = Release|Any CPU
		{C54BEA0E-632A-4C93-ADCB-AF99156EFB17}.Release|Any CPU.Build.0 = Release|Any CPU
	EndGlobalSection
	GlobalSection(SolutionProperties) = preSolution
		HideSolutionNode = FALSE
	EndGlobalSection
	GlobalSection(NestedProjects) = preSolution
		{9A207791-1C4F-419F-8C3C-3DFEAD9DE042} = {A0004957-181A-4FFD-B71D-96A595D60E3C}
		{E41161CF-EFEF-4662-8CB0-A2818F8E4AA5} = {A0004957-181A-4FFD-B71D-96A595D60E3C}
		{C54BEA0E-632A-4C93-ADCB-AF99156EFB17} = {4CC5E134-43AF-4222-AECC-2EB7C725C037}
	EndGlobalSection
EndGlobal
